
Microsoft Visual Studio Solution File, Format Version 12.00
# Visual Studio Version 17
VisualStudioVersion = 17.5.33627.172
MinimumVisualStudioVersion = 10.0.40219.1
Project("{8BC9CEB8-8B4A-11D0-8D11-00A0C91BC942}") = "laba8", "laba8.vcxproj", "{B8295546-AA69-4D29-A1BF-EFAA68707012}"
EndProject
Global
	GlobalSection(SolutionConfigurationPlatforms) = preSolution
		Debug|x64 = Debug|x64
		Debug|x86 = Debug|x86
		Release|x64 = Release|x64
		Release|x86 = Release|x86
	EndGlobalSection
	GlobalSection(ProjectConfigurationPlatforms) = postSolution
		{B8295546-AA69-4D29-A1BF-EFAA68707012}.Debug|x64.ActiveCfg = Debug|x64
		{B8295546-AA69-4D29-A1BF-EFAA68707012}.Debug|x64.Build.0 = Debug|x64
		{B8295546-AA69-4D29-A1BF-EFAA68707012}.Debug|x86.ActiveCfg = Debug|Win32
		{B8295546-AA69-4D29-A1BF-EFAA68707012}.Debug|x86.Build.0 = Debug|Win32
		{B8295546-AA69-4D29-A1BF-EFAA68707012}.Release|x64.ActiveCfg = Release|x64
		{B8295546-AA69-4D29-A1BF-EFAA68707012}.Release|x64.Build.0 = Release|x64
		{B8295546-AA69-4D29-A1BF-EFAA68707012}.Release|x86.ActiveCfg = Release|Win32
		{B8295546-AA69-4D29-A1BF-EFAA68707012}.Release|x86.Build.0 = Release|Win32
	EndGlobalSection
	GlobalSection(SolutionProperties) = preSolution
		HideSolutionNode = FALSE
	EndGlobalSection
	GlobalSection(ExtensibilityGlobals) = postSolution
		SolutionGuid = {100B7EF0-6CF9-4A12-95BA-49593B5CC325}
	EndGlobalSection
EndGlobal
